github.com/davecgh/go-spew v1.1.1 h1:vj9j/u1bqnvCEfJOwUhtlOARqs3+rkHYY13jYWTU97c=
github.com/eucatur/go-toolbox/slice v1.0.0 h1:me+B4y1PsrQHwsc43fo+7X0LyyQ6MWu65j/sxhblY8s=
github.com/eucatur/go-toolbox/slice v1.0.0/go.mod h1:BBT4rjQMpKpWnjKfMB0HIGmYA0Vu1IIxYa0nw0acaYA=
github.com/eucatur/go-toolbox/text v1.0.0 h1:8fkwXO0hIb33fJulvIwbUZF/VZFaNImiccafOHNXH7s=
github.com/eucatur/go-toolbox/text v1.0.0/go.mod h1:azy8pzurzGQqdRA6aIDCC2D8/RNDNcbDoN2pEE0igWU=
github.com/magiconair/properties v1.8.7 h1:IeQXZAiQcpL9mgcAe1Nu6cX9LLw6ExEHKjN0VQdvPDY=
github.com/magiconair/properties v1.8.7/go.mod h1:Dhd985XPs7jluiymwWYZ0G4Z61jb3vdS329zhj2hYo0=
github.com/pmezard/go-difflib v1.0.0 h1:4DBwDE0NGyQoBHbLQYPwSUPoCMWR5BEzIk/f1lZbAQM=
github.com/stretchr/testify v1.8.4 h1:CcVxjf3Q8PM0mHUKJCdn+eZZtm5yQwehR5yeSVQQcUk=
golang.org/x/text v0.11.0 h1:LAntKIrcmeSKERyiOh0XMV39LXS8IE9UL2yP7+f5ij4=
golang.org/x/text v0.11.0/go.mod h1:TvPlkZtksWOMsz7fbANvkp4WM8x/WCo/om8BMLbz+aE=
gopkg.in/yaml.v3 v3.0.1 h1:fxVm/GzAzEWqLHuvctI91KS9hhNmmWOoWu0XTYJS7CA=
